
Microsoft Visual Studio Solution File, Format Version 12.00
# Visual Studio Version 17
VisualStudioVersion = 17.5.33516.290
MinimumVisualStudioVersion = 10.0.40219.1
Project("{8BC9CEB8-8B4A-11D0-8D11-00A0C91BC942}") = "25_09_23_ SQL _ Normal Forms Related Tables", "25_09_23_ SQL _ Normal Forms Related Tables\25_09_23_ SQL _ Normal Forms Related Tables.vcxproj", "{9DBA690C-4B86-465B-B2DE-50C4BB078A89}"
EndProject
Global
	GlobalSection(SolutionConfigurationPlatforms) = preSolution
		Debug|x64 = Debug|x64
		Debug|x86 = Debug|x86
		Release|x64 = Release|x64
		Release|x86 = Release|x86
	EndGlobalSection
	GlobalSection(ProjectConfigurationPlatforms) = postSolution
		{9DBA690C-4B86-465B-B2DE-50C4BB078A89}.Debug|x64.ActiveCfg = Debug|x64
		{9DBA690C-4B86-465B-B2DE-50C4BB078A89}.Debug|x64.Build.0 = Debug|x64
		{9DBA690C-4B86-465B-B2DE-50C4BB078A89}.Debug|x86.ActiveCfg = Debug|Win32
		{9DBA690C-4B86-465B-B2DE-50C4BB078A89}.Debug|x86.Build.0 = Debug|Win32
		{9DBA690C-4B86-465B-B2DE-50C4BB078A89}.Release|x64.ActiveCfg = Release|x64
		{9DBA690C-4B86-465B-B2DE-50C4BB078A89}.Release|x64.Build.0 = Release|x64
		{9DBA690C-4B86-465B-B2DE-50C4BB078A89}.Release|x86.ActiveCfg = Release|Win32
		{9DBA690C-4B86-465B-B2DE-50C4BB078A89}.Release|x86.Build.0 = Release|Win32
	EndGlobalSection
	GlobalSection(SolutionProperties) = preSolution
		HideSolutionNode = FALSE
	EndGlobalSection
	GlobalSection(ExtensibilityGlobals) = postSolution
		SolutionGuid = {7A02674D-E2AB-4BC0-817D-F0733F7D661D}
	EndGlobalSection
EndGlobal
